
Microsoft Visual Studio Solution File, Format Version 12.00
# Visual Studio Version 16
VisualStudioVersion = 16.0.29806.167
MinimumVisualStudioVersion = 10.0.40219.1
Project("{FAE04EC0-301F-11D3-BF4B-00C04F79EFBC}") = "XFStylePractice.Android", "XFStylePractice\XFStylePractice.Android\XFStylePractice.Android.csproj", "{C64FFDA0-4F13-4DAC-84E9-195622E6A31F}"
EndProject
Project("{FAE04EC0-301F-11D3-BF4B-00C04F79EFBC}") = "XFStylePractice.iOS", "XFStylePractice\XFStylePractice.iOS\XFStylePractice.iOS.csproj", "{38CFD7E8-1D7A-4DC9-AA62-E6ABD3372015}"
EndProject
Project("{FAE04EC0-301F-11D3-BF4B-00C04F79EFBC}") = "XFStylePractice", "XFStylePractice\XFStylePractice\XFStylePractice.csproj", "{9E8B117F-1093-4E14-8796-AF07D77B49CD}"
EndProject
Global
	GlobalSection(SolutionConfigurationPlatforms) = preSolution
		Debug|Any CPU = Debug|Any CPU
		Debug|iPhone = Debug|iPhone
		Debug|iPhoneSimulator = Debug|iPhoneSimulator
		Release|Any CPU = Release|Any CPU
		Release|iPhone = Release|iPhone
		Release|iPhoneSimulator = Release|iPhoneSimulator
	EndGlobalSection
	GlobalSection(ProjectConfigurationPlatforms) = postSolution
		{C64FFDA0-4F13-4DAC-84E9-195622E6A31F}.Debug|Any CPU.ActiveCfg = Debug|Any CPU
		{C64FFDA0-4F13-4DAC-84E9-195622E6A31F}.Debug|Any CPU.Build.0 = Debug|Any CPU
		{C64FFDA0-4F13-4DAC-84E9-195622E6A31F}.Debug|Any CPU.Deploy.0 = Debug|Any CPU
		{C64FFDA0-4F13-4DAC-84E9-195622E6A31F}.Debug|iPhone.ActiveCfg = Debug|Any CPU
		{C64FFDA0-4F13-4DAC-84E9-195622E6A31F}.Debug|iPhone.Build.0 = Debug|Any CPU
		{C64FFDA0-4F13-4DAC-84E9-195622E6A31F}.Debug|iPhone.Deploy.0 = Debug|Any CPU
		{C64FFDA0-4F13-4DAC-84E9-195622E6A31F}.Debug|iPhoneSimulator.ActiveCfg = Debug|Any CPU
		{C64FFDA0-4F13-4DAC-84E9-195622E6A31F}.Debug|iPhoneSimulator.Build.0 = Debug|Any CPU
		{C64FFDA0-4F13-4DAC-84E9-195622E6A31F}.Debug|iPhoneSimulator.Deploy.0 = Debug|Any CPU
		{C64FFDA0-4F13-4DAC-84E9-195622E6A31F}.Release|Any CPU.ActiveCfg = Release|Any CPU
		{C64FFDA0-4F13-4DAC-84E9-195622E6A31F}.Release|Any CPU.Build.0 = Release|Any CPU
		{C64FFDA0-4F13-4DAC-84E9-195622E6A31F}.Release|Any CPU.Deploy.0 = Release|Any CPU
		{C64FFDA0-4F13-4DAC-84E9-195622E6A31F}.Release|iPhone.ActiveCfg = Release|Any CPU
		{C64FFDA0-4F13-4DAC-84E9-195622E6A31F}.Release|iPhone.Build.0 = Release|Any CPU
		{C64FFDA0-4F13-4DAC-84E9-195622E6A31F}.Release|iPhone.Deploy.0 = Release|Any CPU
		{C64FFDA0-4F13-4DAC-84E9-195622E6A31F}.Release|iPhoneSimulator.ActiveCfg = Release|Any CPU
		{C64FFDA0-4F13-4DAC-84E9-195622E6A31F}.Release|iPhoneSimulator.Build.0 = Release|Any CPU
		{C64FFDA0-4F13-4DAC-84E9-195622E6A31F}.Release|iPhoneSimulator.Deploy.0 = Release|Any CPU
		{38CFD7E8-1D7A-4DC9-AA62-E6ABD3372015}.Debug|Any CPU.ActiveCfg = Debug|iPhoneSimulator
		{38CFD7E8-1D7A-4DC9-AA62-E6ABD3372015}.Debug|Any CPU.Build.0 = Debug|iPhoneSimulator
		{38CFD7E8-1D7A-4DC9-AA62-E6ABD3372015}.Debug|Any CPU.Deploy.0 = Debug|iPhoneSimulator
		{38CFD7E8-1D7A-4DC9-AA62-E6ABD3372015}.Debug|iPhone.ActiveCfg = Debug|iPhone
		{38CFD7E8-1D7A-4DC9-AA62-E6ABD3372015}.Debug|iPhone.Build.0 = Debug|iPhone
		{38CFD7E8-1D7A-4DC9-AA62-E6ABD3372015}.Debug|iPhone.Deploy.0 = Debug|iPhone
		{38CFD7E8-1D7A-4DC9-AA62-E6ABD3372015}.Debug|iPhoneSimulator.ActiveCfg = Debug|iPhoneSimulator
		{38CFD7E8-1D7A-4DC9-AA62-E6ABD3372015}.Debug|iPhoneSimulator.Build.0 = Debug|iPhoneSimulator
		{38CFD7E8-1D7A-4DC9-AA62-E6ABD3372015}.Debug|iPhoneSimulator.Deploy.0 = Debug|iPhoneSimulator
		{38CFD7E8-1D7A-4DC9-AA62-E6ABD3372015}.Release|Any CPU.ActiveCfg = Release|iPhone
		{38CFD7E8-1D7A-4DC9-AA62-E6ABD3372015}.Release|Any CPU.Build.0 = Release|iPhone
		{38CFD7E8-1D7A-4DC9-AA62-E6ABD3372015}.Release|Any CPU.Deploy.0 = Release|iPhone
		{38CFD7E8-1D7A-4DC9-AA62-E6ABD3372015}.Release|iPhone.ActiveCfg = Release|iPhone
		{38CFD7E8-1D7A-4DC9-AA62-E6ABD3372015}.Release|iPhone.Build.0 = Release|iPhone
		{38CFD7E8-1D7A-4DC9-AA62-E6ABD3372015}.Release|iPhone.Deploy.0 = Release|iPhone
		{38CFD7E8-1D7A-4DC9-AA62-E6ABD3372015}.Release|iPhoneSimulator.ActiveCfg = Release|iPhoneSimulator
		{38CFD7E8-1D7A-4DC9-AA62-E6ABD3372015}.Release|iPhoneSimulator.Build.0 = Release|iPhoneSimulator
		{38CFD7E8-1D7A-4DC9-AA62-E6ABD3372015}.Release|iPhoneSimulator.Deploy.0 = Release|iPhoneSimulator
		{9E8B117F-1093-4E14-8796-AF07D77B49CD}.Debug|Any CPU.ActiveCfg = Debug|Any CPU
		{9E8B117F-1093-4E14-8796-AF07D77B49CD}.Debug|Any CPU.Build.0 = Debug|Any CPU
		{9E8B117F-1093-4E14-8796-AF07D77B49CD}.Debug|Any CPU.Deploy.0 = Debug|Any CPU
		{9E8B117F-1093-4E14-8796-AF07D77B49CD}.Debug|iPhone.ActiveCfg = Debug|Any CPU
		{9E8B117F-1093-4E14-8796-AF07D77B49CD}.Debug|iPhone.Build.0 = Debug|Any CPU
		{9E8B117F-1093-4E14-8796-AF07D77B49CD}.Debug|iPhone.Deploy.0 = Debug|Any CPU
		{9E8B117F-1093-4E14-8796-AF07D77B49CD}.Debug|iPhoneSimulator.ActiveCfg = Debug|Any CPU
		{9E8B117F-1093-4E14-8796-AF07D77B49CD}.Debug|iPhoneSimulator.Build.0 = Debug|Any CPU
		{9E8B117F-1093-4E14-8796-AF07D77B49CD}.Debug|iPhoneSimulator.Deploy.0 = Debug|Any CPU
		{9E8B117F-1093-4E14-8796-AF07D77B49CD}.Release|Any CPU.ActiveCfg = Release|Any CPU
		{9E8B117F-1093-4E14-8796-AF07D77B49CD}.Release|Any CPU.Build.0 = Release|Any CPU
		{9E8B117F-1093-4E14-8796-AF07D77B49CD}.Release|Any CPU.Deploy.0 = Release|Any CPU
		{9E8B117F-1093-4E14-8796-AF07D77B49CD}.Release|iPhone.ActiveCfg = Release|Any CPU
		{9E8B117F-1093-4E14-8796-AF07D77B49CD}.Release|iPhone.Build.0 = Release|Any CPU
		{9E8B117F-1093-4E14-8796-AF07D77B49CD}.Release|iPhone.Deploy.0 = Release|Any CPU
		{9E8B117F-1093-4E14-8796-AF07D77B49CD}.Release|iPhoneSimulator.ActiveCfg = Release|Any CPU
		{9E8B117F-1093-4E14-8796-AF07D77B49CD}.Release|iPhoneSimulator.Build.0 = Release|Any CPU
		{9E8B117F-1093-4E14-8796-AF07D77B49CD}.Release|iPhoneSimulator.Deploy.0 = Release|Any CPU
	EndGlobalSection
	GlobalSection(SolutionProperties) = preSolution
		HideSolutionNode = FALSE
	EndGlobalSection
	GlobalSection(ExtensibilityGlobals) = postSolution
		SolutionGuid = {11CDE144-E428-4734-BD32-FD94178F6D9D}
	EndGlobalSection
EndGlobal
